
Microsoft Visual Studio Solution File, Format Version 12.00
# Visual Studio Version 16
VisualStudioVersion = 16.0.31729.503
MinimumVisualStudioVersion = 10.0.40219.1
Project("{FAE04EC0-301F-11D3-BF4B-00C04F79EFBC}") = "RequestBinExample", "RequestBinExample\RequestBinExample.csproj", "{BD4E233E-23A2-448A-AC20-FF91FC0296A2}"
EndProject
Global
	GlobalSection(SolutionConfigurationPlatforms) = preSolution
		Debug|Any CPU = Debug|Any CPU
		Release|Any CPU = Release|Any CPU
	EndGlobalSection
	GlobalSection(ProjectConfigurationPlatforms) = postSolution
		{BD4E233E-23A2-448A-AC20-FF91FC0296A2}.Debug|Any CPU.ActiveCfg = Debug|Any CPU
		{BD4E233E-23A2-448A-AC20-FF91FC0296A2}.Debug|Any CPU.Build.0 = Debug|Any CPU
		{BD4E233E-23A2-448A-AC20-FF91FC0296A2}.Release|Any CPU.ActiveCfg = Release|Any CPU
		{BD4E233E-23A2-448A-AC20-FF91FC0296A2}.Release|Any CPU.Build.0 = Release|Any CPU
	EndGlobalSection
	GlobalSection(SolutionProperties) = preSolution
		HideSolutionNode = FALSE
	EndGlobalSection
	GlobalSection(ExtensibilityGlobals) = postSolution
		SolutionGuid = {4FEFC80B-934F-498D-A16E-196261B4C4C8}
	EndGlobalSection
EndGlobal
