
Microsoft Visual Studio Solution File, Format Version 12.00
# Visual Studio 14
VisualStudioVersion = 14.0.24720.0
MinimumVisualStudioVersion = 10.0.40219.1
Project("{FAE04EC0-301F-11D3-BF4B-00C04F79EFBC}") = "delegate", "delegate\delegate.csproj", "{A69550E5-DA12-4F13-94DE-518D0EF04497}"
EndProject
Global
	GlobalSection(SolutionConfigurationPlatforms) = preSolution
		Debug|Any CPU = Debug|Any CPU
		Release|Any CPU = Release|Any CPU
	EndGlobalSection
	GlobalSection(ProjectConfigurationPlatforms) = postSolution
		{A69550E5-DA12-4F13-94DE-518D0EF04497}.Debug|Any CPU.ActiveCfg = Debug|Any CPU
		{A69550E5-DA12-4F13-94DE-518D0EF04497}.Debug|Any CPU.Build.0 = Debug|Any CPU
		{A69550E5-DA12-4F13-94DE-518D0EF04497}.Release|Any CPU.ActiveCfg = Release|Any CPU
		{A69550E5-DA12-4F13-94DE-518D0EF04497}.Release|Any CPU.Build.0 = Release|Any CPU
	EndGlobalSection
	GlobalSection(SolutionProperties) = preSolution
		HideSolutionNode = FALSE
	EndGlobalSection
EndGlobal
