
Microsoft Visual Studio Solution File, Format Version 12.00
# Visual Studio Version 16
VisualStudioVersion = 16.0.31402.337
MinimumVisualStudioVersion = 10.0.40219.1
Project("{FAE04EC0-301F-11D3-BF4B-00C04F79EFBC}") = "SerilogDemo", "SerilogDemo\SerilogDemo.csproj", "{1A369A28-6C89-479E-8650-431400A27DE2}"
EndProject
Global
	GlobalSection(SolutionConfigurationPlatforms) = preSolution
		Debug|Any CPU = Debug|Any CPU
		Release|Any CPU = Release|Any CPU
	EndGlobalSection
	GlobalSection(ProjectConfigurationPlatforms) = postSolution
		{1A369A28-6C89-479E-8650-431400A27DE2}.Debug|Any CPU.ActiveCfg = Debug|Any CPU
		{1A369A28-6C89-479E-8650-431400A27DE2}.Debug|Any CPU.Build.0 = Debug|Any CPU
		{1A369A28-6C89-479E-8650-431400A27DE2}.Release|Any CPU.ActiveCfg = Release|Any CPU
		{1A369A28-6C89-479E-8650-431400A27DE2}.Release|Any CPU.Build.0 = Release|Any CPU
	EndGlobalSection
	GlobalSection(SolutionProperties) = preSolution
		HideSolutionNode = FALSE
	EndGlobalSection
	GlobalSection(ExtensibilityGlobals) = postSolution
		SolutionGuid = {FE3BEFE0-750E-4B41-9850-25C0D5D7C3C9}
	EndGlobalSection
EndGlobal
