
Microsoft Visual Studio Solution File, Format Version 12.00
# Visual Studio Version 16
VisualStudioVersion = 16.0.31702.278
MinimumVisualStudioVersion = 10.0.40219.1
Project("{FAE04EC0-301F-11D3-BF4B-00C04F79EFBC}") = "InterfaceMethods", "InterfaceMethods\InterfaceMethods.csproj", "{702BB5D2-A57E-43ED-855F-498B571625DB}"
EndProject
Global
	GlobalSection(SolutionConfigurationPlatforms) = preSolution
		Debug|Any CPU = Debug|Any CPU
		Release|Any CPU = Release|Any CPU
	EndGlobalSection
	GlobalSection(ProjectConfigurationPlatforms) = postSolution
		{702BB5D2-A57E-43ED-855F-498B571625DB}.Debug|Any CPU.ActiveCfg = Debug|Any CPU
		{702BB5D2-A57E-43ED-855F-498B571625DB}.Debug|Any CPU.Build.0 = Debug|Any CPU
		{702BB5D2-A57E-43ED-855F-498B571625DB}.Release|Any CPU.ActiveCfg = Release|Any CPU
		{702BB5D2-A57E-43ED-855F-498B571625DB}.Release|Any CPU.Build.0 = Release|Any CPU
	EndGlobalSection
	GlobalSection(SolutionProperties) = preSolution
		HideSolutionNode = FALSE
	EndGlobalSection
	GlobalSection(ExtensibilityGlobals) = postSolution
		SolutionGuid = {CA64208C-FF50-48FC-B02C-270076B5E608}
	EndGlobalSection
EndGlobal
