
Microsoft Visual Studio Solution File, Format Version 12.00
# Visual Studio 15
VisualStudioVersion = 15.0.28010.2048
MinimumVisualStudioVersion = 10.0.40219.1
Project("{00D1A9C2-B5F0-4AF3-8072-F6C62B433612}") = "SQLProject", "SQLProject\SQLProject.sqlproj", "{EFDB236A-FFE6-470E-ACE8-4192AADB7750}"
EndProject
Global
	GlobalSection(SolutionConfigurationPlatforms) = preSolution
		Debug|Any CPU = Debug|Any CPU
		Release|Any CPU = Release|Any CPU
	EndGlobalSection
	GlobalSection(ProjectConfigurationPlatforms) = postSolution
		{EFDB236A-FFE6-470E-ACE8-4192AADB7750}.Debug|Any CPU.ActiveCfg = Debug|Any CPU
		{EFDB236A-FFE6-470E-ACE8-4192AADB7750}.Debug|Any CPU.Build.0 = Debug|Any CPU
		{EFDB236A-FFE6-470E-ACE8-4192AADB7750}.Debug|Any CPU.Deploy.0 = Debug|Any CPU
		{EFDB236A-FFE6-470E-ACE8-4192AADB7750}.Release|Any CPU.ActiveCfg = Release|Any CPU
		{EFDB236A-FFE6-470E-ACE8-4192AADB7750}.Release|Any CPU.Build.0 = Release|Any CPU
		{EFDB236A-FFE6-470E-ACE8-4192AADB7750}.Release|Any CPU.Deploy.0 = Release|Any CPU
	EndGlobalSection
	GlobalSection(SolutionProperties) = preSolution
		HideSolutionNode = FALSE
	EndGlobalSection
	GlobalSection(ExtensibilityGlobals) = postSolution
		SolutionGuid = {E1BD871D-8BC0-4278-BC02-E0C2CB561C15}
	EndGlobalSection
EndGlobal
