
Microsoft Visual Studio Solution File, Format Version 12.00
# Visual Studio Version 17
VisualStudioVersion = 17.0.32112.339
MinimumVisualStudioVersion = 10.0.40219.1
Project("{FAE04EC0-301F-11D3-BF4B-00C04F79EFBC}") = "Api", "Api\Api.csproj", "{F20B2FC2-A0BA-4ACE-AEF7-E58582790BD5}"
EndProject
Project("{FAE04EC0-301F-11D3-BF4B-00C04F79EFBC}") = "DemoLibrary", "DemoLibrary\DemoLibrary.csproj", "{66BDAFDB-8A67-4768-865F-C3ACD38C6A97}"
EndProject
Global
	GlobalSection(SolutionConfigurationPlatforms) = preSolution
		Debug|Any CPU = Debug|Any CPU
		Release|Any CPU = Release|Any CPU
	EndGlobalSection
	GlobalSection(ProjectConfigurationPlatforms) = postSolution
		{F20B2FC2-A0BA-4ACE-AEF7-E58582790BD5}.Debug|Any CPU.ActiveCfg = Debug|Any CPU
		{F20B2FC2-A0BA-4ACE-AEF7-E58582790BD5}.Debug|Any CPU.Build.0 = Debug|Any CPU
		{F20B2FC2-A0BA-4ACE-AEF7-E58582790BD5}.Release|Any CPU.ActiveCfg = Release|Any CPU
		{F20B2FC2-A0BA-4ACE-AEF7-E58582790BD5}.Release|Any CPU.Build.0 = Release|Any CPU
		{66BDAFDB-8A67-4768-865F-C3ACD38C6A97}.Debug|Any CPU.ActiveCfg = Debug|Any CPU
		{66BDAFDB-8A67-4768-865F-C3ACD38C6A97}.Debug|Any CPU.Build.0 = Debug|Any CPU
		{66BDAFDB-8A67-4768-865F-C3ACD38C6A97}.Release|Any CPU.ActiveCfg = Release|Any CPU
		{66BDAFDB-8A67-4768-865F-C3ACD38C6A97}.Release|Any CPU.Build.0 = Release|Any CPU
	EndGlobalSection
	GlobalSection(SolutionProperties) = preSolution
		HideSolutionNode = FALSE
	EndGlobalSection
	GlobalSection(ExtensibilityGlobals) = postSolution
		SolutionGuid = {D2560481-5EE0-45C7-A3A5-61ED61A043A6}
	EndGlobalSection
EndGlobal
